{
  "version": "5",
  "specifiers": {
    "jsr:@supabase/supabase-js@2": "2.110.1"
  },
  "jsr": {
    "@supabase/supabase-js@2.110.1": {
      "integrity": "2d28e53e105c7686fa563980fca398f6c0d37aaf30ac1beb32b2407bb9e36862"
    }
  },
  "workspace": {
    "packageJson": {
      "dependencies": [
        "npm:@expo/metro-runtime@~57.0.3",
        "npm:@playwright/test@^1.61.0",
        "npm:@react-native-async-storage/async-storage@2.2.0",
        "npm:@supabase/supabase-js@^2.110.1",
        "npm:@types/node@^26.1.1",
        "npm:@types/react@~19.2.10",
        "npm:babel-plugin-react-compiler@1",
        "npm:eslint-config-expo@57.0",
        "npm:eslint-config-prettier@^10.1.8",
        "npm:eslint-plugin-prettier@^5.5.6",
        "npm:eslint@^9.39.4",
        "npm:expo-constants@~57.0.3",
        "npm:expo-dev-client@~57.0.5",
        "npm:expo-device@57.0",
        "npm:expo-doctor@^1.20.0",
        "npm:expo-image-manipulator@~57.0.2",
        "npm:expo-image-picker@~57.0.2",
        "npm:expo-image@57.0",
        "npm:expo-linking@~57.0.2",
        "npm:expo-notifications@~57.0.3",
        "npm:expo-router@~57.0.4",
        "npm:expo-secure-store@57.0",
        "npm:expo-splash-screen@~57.0.2",
        "npm:expo-status-bar@57.0",
        "npm:expo@^57.0.4",
        "npm:prettier@^3.8.4",
        "npm:react-dom@19.2.3",
        "npm:react-native-safe-area-context@5.7",
        "npm:react-native-screens@4.25.2",
        "npm:react-native-svg@15.15.4",
        "npm:react-native-url-polyfill@3",
        "npm:react-native-web@0.21",
        "npm:react-native@0.86.0",
        "npm:react@19.2.3",
        "npm:sharp@~0.35.3",
        "npm:supabase@^2.109.1",
        "npm:typescript@~6.0.3",
        "npm:web-push@^3.6.7"
      ]
    }
  }
}
